
Microsoft Visual Studio Solution File, Format Version 12.00
# Visual Studio Version 17
VisualStudioVersion = 17.7.34031.279
MinimumVisualStudioVersion = 10.0.40219.1
Project("{FAE04EC0-301F-11D3-BF4B-00C04F79EFBC}") = "Kevin.Semprini.4i.Rubrica", "Kevin.Semprini.4i.Rubrica.csproj", "{407456F2-776C-4CA8-9EFF-8E1242F654A6}"
EndProject
Global
	GlobalSection(SolutionConfigurationPlatforms) = preSolution
		Debug|Any CPU = Debug|Any CPU
		Release|Any CPU = Release|Any CPU
	EndGlobalSection
	GlobalSection(ProjectConfigurationPlatforms) = postSolution
		{407456F2-776C-4CA8-9EFF-8E1242F654A6}.Debug|Any CPU.ActiveCfg = Debug|Any CPU
		{407456F2-776C-4CA8-9EFF-8E1242F654A6}.Debug|Any CPU.Build.0 = Debug|Any CPU
		{407456F2-776C-4CA8-9EFF-8E1242F654A6}.Release|Any CPU.ActiveCfg = Release|Any CPU
		{407456F2-776C-4CA8-9EFF-8E1242F654A6}.Release|Any CPU.Build.0 = Release|Any CPU
	EndGlobalSection
	GlobalSection(SolutionProperties) = preSolution
		HideSolutionNode = FALSE
	EndGlobalSection
	GlobalSection(ExtensibilityGlobals) = postSolution
		SolutionGuid = {175A5FBA-D080-4016-A2A3-A496E3CB1EAC}
	EndGlobalSection
EndGlobal
